{
  "requires": true,
  "lockfileVersion": 1,
  "dependencies": {
    "immer": {
      "version": "3.2.0",
      "resolved": "https://registry.npmjs.org/immer/-/immer-3.2.0.tgz",
      "integrity": "sha512-+a2R8z9eELHst6aht++nzVzJ8LJ+Hsg49qttfg9Kc/vmoxEdPXw5/rV6+4DYWGgnq+B36KbLr4OTaGtS9mDjtg=="
    }
  }
}
